{
    "version": 3,
    "terraform_version": "0.9.4",
    "serial": 12,
    "lineage": "1f0604b6-6739-4374-b150-eeaa5c0390c9",
    "modules": [
        {
            "path": [
                "root"
            ],
            "outputs": {},
            "resources": {},
            "depends_on": []
        },
        {
            "path": [
                "root",
                "bs_node"
            ],
            "outputs": {},
            "resources": {
                "aws_instance.instance": {
                    "type": "aws_instance",
                    "depends_on": [],
                    "primary": {
                        "id": "i-017e5f2157cc5444c",
                        "attributes": {
                            "ami": "ami-47096750",
                            "associate_public_ip_address": "false",
                            "availability_zone": "us-east-1c",
                            "disable_api_termination": "false",
                            "ebs_block_device.#": "3",
                            "ebs_block_device.2630216116.delete_on_termination": "true",
                            "ebs_block_device.2630216116.device_name": "/dev/sde",
                            "ebs_block_device.2630216116.encrypted": "false",
                            "ebs_block_device.2630216116.iops": "100",
                            "ebs_block_device.2630216116.snapshot_id": "",
                            "ebs_block_device.2630216116.volume_size": "20",
                            "ebs_block_device.2630216116.volume_type": "gp2",
                            "ebs_block_device.2659407853.delete_on_termination": "true",
                            "ebs_block_device.2659407853.device_name": "/dev/sdf",
                            "ebs_block_device.2659407853.encrypted": "false",
                            "ebs_block_device.2659407853.iops": "100",
                            "ebs_block_device.2659407853.snapshot_id": "",
                            "ebs_block_device.2659407853.volume_size": "20",
                            "ebs_block_device.2659407853.volume_type": "gp2",
                            "ebs_block_device.2671853018.delete_on_termination": "true",
                            "ebs_block_device.2671853018.device_name": "/dev/sdg",
                            "ebs_block_device.2671853018.encrypted": "false",
                            "ebs_block_device.2671853018.iops": "100",
                            "ebs_block_device.2671853018.snapshot_id": "",
                            "ebs_block_device.2671853018.volume_size": "20",
                            "ebs_block_device.2671853018.volume_type": "gp2",
                            "ebs_optimized": "false",
                            "ephemeral_block_device.#": "0",
                            "iam_instance_profile": "",
                            "id": "i-017e5f2157cc5444c",
                            "instance_state": "running",
                            "instance_type": "t2.medium",
                            "ipv6_address_count": "0",
                            "ipv6_addresses.#": "0",
                            "key_name": "RACONAWS",
                            "monitoring": "false",
                            "network_interface.#": "0",
                            "network_interface_id": "eni-1e9965fa",
                            "primary_network_interface_id": "eni-1e9965fa",
                            "private_dns": "ip-10-220-16-106.ec2.internal",
                            "private_ip": "10.220.16.106",
                            "public_dns": "",
                            "public_ip": "",
                            "root_block_device.#": "1",
                            "root_block_device.0.delete_on_termination": "true",
                            "root_block_device.0.iops": "100",
                            "root_block_device.0.volume_size": "8",
                            "root_block_device.0.volume_type": "gp2",
                            "security_groups.#": "0",
                            "source_dest_check": "true",
                            "subnet_id": "subnet-faf922b2",
                            "tags.%": "1",
                            "tags.Name": "IaaS-Pilot-bootstrap",
                            "tenancy": "default",
                            "volume_tags.%": "0",
                            "vpc_security_group_ids.#": "1",
                            "vpc_security_group_ids.3929463443": "sg-2304ef5d"
                        },
                        "meta": {
                            "schema_version": "1"
                        },
                        "tainted": false
                    },
                    "deposed": [],
                    "provider": ""
                }
            },
            "depends_on": []
        },
        {
            "path": [
                "root",
                "s3_bucket"
            ],
            "outputs": {},
            "resources": {},
            "depends_on": []
        },
        {
            "path": [
                "root",
                "sg_mgmt"
            ],
            "outputs": {},
            "resources": {},
            "depends_on": []
        }
    ]
}
