{
    "version": 3,
    "terraform_version": "0.9.4",
    "serial": 8,
    "lineage": "ac6a4c4e-6c07-40ab-bb9a-34a5e86b9228",
    "modules": [
        {
            "path": [
                "root"
            ],
            "outputs": {},
            "resources": {},
            "depends_on": []
        },
        {
            "path": [
                "root",
                "autoscaling_groups"
            ],
            "outputs": {},
            "resources": {
                "aws_autoscaling_group.priv_asg": {
                    "type": "aws_autoscaling_group",
                    "depends_on": [],
                    "primary": {
                        "id": "IaaS-Pilot-dcos-priv-agent-asg",
                        "attributes": {
                            "arn": "arn:aws:autoscaling:us-east-1:271116042479:autoScalingGroup:184971d4-f898-43c7-b533-be284c315e08:autoScalingGroupName/IaaS-Pilot-dcos-priv-agent-asg",
                            "availability_zones.#": "2",
                            "availability_zones.2762590996": "us-east-1d",
                            "availability_zones.986537655": "us-east-1c",
                            "default_cooldown": "300",
                            "desired_capacity": "2",
                            "force_delete": "true",
                            "health_check_grace_period": "300",
                            "health_check_type": "EC2",
                            "id": "IaaS-Pilot-dcos-priv-agent-asg",
                            "launch_configuration": "IaaS-Pilot-priv-agent-lc",
                            "load_balancers.#": "0",
                            "max_size": "2",
                            "metrics_granularity": "1Minute",
                            "min_size": "2",
                            "name": "IaaS-Pilot-dcos-priv-agent-asg",
                            "placement_group": "",
                            "protect_from_scale_in": "false",
                            "suspended_processes.#": "0",
                            "tag.#": "1",
                            "tag.3212481285.key": "Name",
                            "tag.3212481285.propagate_at_launch": "true",
                            "tag.3212481285.value": "IaaS-Pilot-priv-agent",
                            "target_group_arns.#": "0",
                            "termination_policies.#": "0",
                            "vpc_zone_identifier.#": "2",
                            "vpc_zone_identifier.124077529": "subnet-faf922b2",
                            "vpc_zone_identifier.750696134": "subnet-57b7500d",
                            "wait_for_capacity_timeout": "10m",
                            "wait_for_elb_capacity": "0"
                        },
                        "meta": {},
                        "tainted": false
                    },
                    "deposed": [],
                    "provider": ""
                }
            },
            "depends_on": []
        },
        {
            "path": [
                "root",
                "launch_configurations"
            ],
            "outputs": {
                "priv_agent_lc_id": {
                    "sensitive": false,
                    "type": "string",
                    "value": "IaaS-Pilot-priv-agent-lc"
                },
                "priv_agent_lc_name": {
                    "sensitive": false,
                    "type": "string",
                    "value": "IaaS-Pilot-priv-agent-lc"
                }
            },
            "resources": {
                "aws_launch_configuration.priv_lc": {
                    "type": "aws_launch_configuration",
                    "depends_on": [],
                    "primary": {
                        "id": "IaaS-Pilot-priv-agent-lc",
                        "attributes": {
                            "associate_public_ip_address": "false",
                            "ebs_block_device.#": "0",
                            "ebs_optimized": "false",
                            "enable_monitoring": "true",
                            "ephemeral_block_device.#": "0",
                            "iam_instance_profile": "dcos_agent_ec2_instance_profile",
                            "id": "IaaS-Pilot-priv-agent-lc",
                            "image_id": "ami-6d1c2007",
                            "instance_type": "m4.large",
                            "key_name": "RACONAWS",
                            "name": "IaaS-Pilot-priv-agent-lc",
                            "root_block_device.#": "1",
                            "root_block_device.0.delete_on_termination": "true",
                            "root_block_device.0.iops": "0",
                            "root_block_device.0.volume_size": "150",
                            "root_block_device.0.volume_type": "standard",
                            "security_groups.#": "2",
                            "security_groups.2975064903": "sg-d91af1a7",
                            "security_groups.3929463443": "sg-2304ef5d",
                            "spot_price": "",
                            "user_data": "59bbbd947db892af02adf4b496264863c4ac5a0a",
                            "vpc_classic_link_id": "",
                            "vpc_classic_link_security_groups.#": "0"
                        },
                        "meta": {},
                        "tainted": false
                    },
                    "deposed": [],
                    "provider": ""
                }
            },
            "depends_on": []
        }
    ]
}
