{
    "version": 3,
    "terraform_version": "0.9.4",
    "serial": 39,
    "lineage": "fd634e61-b3f9-4254-a3c0-3d2440d015e0",
    "modules": [
        {
            "path": [
                "root"
            ],
            "outputs": {},
            "resources": {},
            "depends_on": []
        },
        {
            "path": [
                "root",
                "autoscaling_groups"
            ],
            "outputs": {},
            "resources": {},
            "depends_on": []
        },
        {
            "path": [
                "root",
                "ec2_profile"
            ],
            "outputs": {},
            "resources": {},
            "depends_on": []
        },
        {
            "path": [
                "root",
                "launch_configurations"
            ],
            "outputs": {
                "master_lc_id": {
                    "sensitive": false,
                    "type": "string",
                    "value": "IaaS-Pilot-master-lc"
                },
                "master_lc_name": {
                    "sensitive": false,
                    "type": "string",
                    "value": "IaaS-Pilot-master-lc"
                }
            },
            "resources": {
                "aws_launch_configuration.master_lc": {
                    "type": "aws_launch_configuration",
                    "depends_on": [],
                    "primary": {
                        "id": "IaaS-Pilot-master-lc",
                        "attributes": {
                            "associate_public_ip_address": "false",
                            "ebs_block_device.#": "0",
                            "ebs_optimized": "false",
                            "enable_monitoring": "true",
                            "ephemeral_block_device.#": "0",
                            "iam_instance_profile": "dcos_master_ec2_instance_profile",
                            "id": "IaaS-Pilot-master-lc",
                            "image_id": "ami-47096750",
                            "instance_type": "t2.micro",
                            "key_name": "RACONAWS",
                            "name": "IaaS-Pilot-master-lc",
                            "root_block_device.#": "0",
                            "security_groups.#": "2",
                            "security_groups.3546831802": "sg-a206eddc",
                            "security_groups.3929463443": "sg-2304ef5d",
                            "spot_price": "",
                            "vpc_classic_link_id": "",
                            "vpc_classic_link_security_groups.#": "0"
                        },
                        "meta": {},
                        "tainted": false
                    },
                    "deposed": [],
                    "provider": ""
                }
            },
            "depends_on": []
        },
        {
            "path": [
                "root",
                "load_balancers"
            ],
            "outputs": {},
            "resources": {},
            "depends_on": []
        },
        {
            "path": [
                "root",
                "security_groups"
            ],
            "outputs": {},
            "resources": {},
            "depends_on": []
        }
    ]
}
