{
    "version": 3,
    "terraform_version": "0.9.4",
    "serial": 37,
    "lineage": "fd634e61-b3f9-4254-a3c0-3d2440d015e0",
    "modules": [
        {
            "path": [
                "root"
            ],
            "outputs": {},
            "resources": {},
            "depends_on": []
        },
        {
            "path": [
                "root",
                "autoscaling_groups"
            ],
            "outputs": {},
            "resources": {
                "aws_autoscaling_group.master_asg": {
                    "type": "aws_autoscaling_group",
                    "depends_on": [],
                    "primary": {
                        "id": "dcos-master-autoscaling-group",
                        "attributes": {
                            "arn": "arn:aws:autoscaling:us-east-1:271116042479:autoScalingGroup:d09edbba-c327-400a-9fc9-9edbf2f5b6f5:autoScalingGroupName/dcos-master-autoscaling-group",
                            "availability_zones.#": "2",
                            "availability_zones.2762590996": "us-east-1d",
                            "availability_zones.986537655": "us-east-1c",
                            "default_cooldown": "300",
                            "desired_capacity": "1",
                            "force_delete": "true",
                            "health_check_grace_period": "300",
                            "health_check_type": "EC2",
                            "id": "dcos-master-autoscaling-group",
                            "launch_configuration": "IaaS-Pilot-master-lc",
                            "load_balancers.#": "1",
                            "load_balancers.4109934047": "dcos",
                            "max_size": "1",
                            "metrics_granularity": "1Minute",
                            "min_size": "1",
                            "name": "dcos-master-autoscaling-group",
                            "placement_group": "",
                            "protect_from_scale_in": "false",
                            "suspended_processes.#": "0",
                            "tag.#": "1",
                            "tag.2413847691.key": "Name",
                            "tag.2413847691.propagate_at_launch": "true",
                            "tag.2413847691.value": "IaaS-Pilot-master",
                            "target_group_arns.#": "0",
                            "termination_policies.#": "0",
                            "vpc_zone_identifier.#": "2",
                            "vpc_zone_identifier.1050080952": "subnet-87fb20cf",
                            "vpc_zone_identifier.3450624668": "subnet-fdb552a7",
                            "wait_for_capacity_timeout": "10m",
                            "wait_for_elb_capacity": "0"
                        },
                        "meta": {},
                        "tainted": false
                    },
                    "deposed": [],
                    "provider": ""
                }
            },
            "depends_on": []
        },
        {
            "path": [
                "root",
                "ec2_profile"
            ],
            "outputs": {},
            "resources": {},
            "depends_on": []
        },
        {
            "path": [
                "root",
                "launch_configurations"
            ],
            "outputs": {
                "master_lc_id": {
                    "sensitive": false,
                    "type": "string",
                    "value": "IaaS-Pilot-master-lc"
                },
                "master_lc_name": {
                    "sensitive": false,
                    "type": "string",
                    "value": "IaaS-Pilot-master-lc"
                }
            },
            "resources": {
                "aws_launch_configuration.master_lc": {
                    "type": "aws_launch_configuration",
                    "depends_on": [],
                    "primary": {
                        "id": "IaaS-Pilot-master-lc",
                        "attributes": {
                            "associate_public_ip_address": "false",
                            "ebs_block_device.#": "0",
                            "ebs_optimized": "false",
                            "enable_monitoring": "true",
                            "ephemeral_block_device.#": "0",
                            "iam_instance_profile": "dcos_master_ec2_instance_profile",
                            "id": "IaaS-Pilot-master-lc",
                            "image_id": "ami-47096750",
                            "instance_type": "t2.micro",
                            "key_name": "RACONAWS",
                            "name": "IaaS-Pilot-master-lc",
                            "root_block_device.#": "0",
                            "security_groups.#": "2",
                            "security_groups.3481292616": "sg-c60c33b9",
                            "security_groups.3790843379": "sg-4cb35e32",
                            "spot_price": "",
                            "vpc_classic_link_id": "",
                            "vpc_classic_link_security_groups.#": "0"
                        },
                        "meta": {},
                        "tainted": false
                    },
                    "deposed": [],
                    "provider": ""
                }
            },
            "depends_on": []
        },
        {
            "path": [
                "root",
                "load_balancers"
            ],
            "outputs": {
                "master_elb_name": {
                    "sensitive": false,
                    "type": "string",
                    "value": "dcos"
                }
            },
            "resources": {
                "aws_elb.master_elb": {
                    "type": "aws_elb",
                    "depends_on": [],
                    "primary": {
                        "id": "dcos",
                        "attributes": {
                            "access_logs.#": "0",
                            "availability_zones.#": "2",
                            "availability_zones.2762590996": "us-east-1d",
                            "availability_zones.986537655": "us-east-1c",
                            "connection_draining": "false",
                            "connection_draining_timeout": "300",
                            "cross_zone_load_balancing": "true",
                            "dns_name": "internal-dcos-97331993.us-east-1.elb.amazonaws.com",
                            "health_check.#": "1",
                            "health_check.0.healthy_threshold": "2",
                            "health_check.0.interval": "30",
                            "health_check.0.target": "TCP:5050",
                            "health_check.0.timeout": "5",
                            "health_check.0.unhealthy_threshold": "2",
                            "id": "dcos",
                            "idle_timeout": "60",
                            "instances.#": "0",
                            "internal": "true",
                            "listener.#": "6",
                            "listener.1092403652.instance_port": "8080",
                            "listener.1092403652.instance_protocol": "http",
                            "listener.1092403652.lb_port": "8080",
                            "listener.1092403652.lb_protocol": "http",
                            "listener.1092403652.ssl_certificate_id": "",
                            "listener.2024497952.instance_port": "2181",
                            "listener.2024497952.instance_protocol": "tcp",
                            "listener.2024497952.lb_port": "2181",
                            "listener.2024497952.lb_protocol": "tcp",
                            "listener.2024497952.ssl_certificate_id": "",
                            "listener.2974294026.instance_port": "80",
                            "listener.2974294026.instance_protocol": "tcp",
                            "listener.2974294026.lb_port": "80",
                            "listener.2974294026.lb_protocol": "tcp",
                            "listener.2974294026.ssl_certificate_id": "",
                            "listener.3829233144.instance_port": "5050",
                            "listener.3829233144.instance_protocol": "http",
                            "listener.3829233144.lb_port": "5050",
                            "listener.3829233144.lb_protocol": "http",
                            "listener.3829233144.ssl_certificate_id": "",
                            "listener.3896584131.instance_port": "8181",
                            "listener.3896584131.instance_protocol": "http",
                            "listener.3896584131.lb_port": "8181",
                            "listener.3896584131.lb_protocol": "http",
                            "listener.3896584131.ssl_certificate_id": "",
                            "listener.610193557.instance_port": "443",
                            "listener.610193557.instance_protocol": "tcp",
                            "listener.610193557.lb_port": "443",
                            "listener.610193557.lb_protocol": "tcp",
                            "listener.610193557.ssl_certificate_id": "",
                            "name": "dcos",
                            "security_groups.#": "1",
                            "security_groups.3876876929": "sg-05b65b7b",
                            "source_security_group": "271116042479/IaaS-Pilot-master-elb-sg",
                            "source_security_group_id": "sg-05b65b7b",
                            "subnets.#": "2",
                            "subnets.1050080952": "subnet-87fb20cf",
                            "subnets.3450624668": "subnet-fdb552a7",
                            "tags.%": "1",
                            "tags.Name": "dcos_master_elb",
                            "zone_id": "Z35SXDOTRQ7X7K"
                        },
                        "meta": {},
                        "tainted": false
                    },
                    "deposed": [],
                    "provider": ""
                }
            },
            "depends_on": []
        },
        {
            "path": [
                "root",
                "security_groups"
            ],
            "outputs": {},
            "resources": {},
            "depends_on": []
        }
    ]
}
