{
    "version": 3,
    "terraform_version": "0.9.4",
    "serial": 14,
    "lineage": "2da9d7be-a6ad-4837-8997-6d4b9250a460",
    "modules": [
        {
            "path": [
                "root"
            ],
            "outputs": {
                "agents_ec2_instance_profile": {
                    "sensitive": false,
                    "type": "string",
                    "value": "dcos_agent_ec2_instance_profile"
                },
                "bs_s3_bucket": {
                    "sensitive": false,
                    "type": "string",
                    "value": "iaas-pilot-bs"
                },
                "elb_sg_id": {
                    "sensitive": false,
                    "type": "string",
                    "value": "sg-6c19f212"
                },
                "iam_agents_ec2_instance_profile": {
                    "sensitive": false,
                    "type": "string",
                    "value": "dcos_agent_ec2_instance_profile"
                },
                "iam_master_ec2_instance_profile": {
                    "sensitive": false,
                    "type": "string",
                    "value": "dcos_master_ec2_instance_profile"
                },
                "master_ec2_instance_profile": {
                    "sensitive": false,
                    "type": "string",
                    "value": "dcos_master_ec2_instance_profile"
                },
                "master_sg_id": {
                    "sensitive": false,
                    "type": "string",
                    "value": "sg-a206eddc"
                },
                "mgmt_sg_id": {
                    "sensitive": false,
                    "type": "string",
                    "value": "sg-2304ef5d"
                },
                "priv_sg_id": {
                    "sensitive": false,
                    "type": "string",
                    "value": "sg-d91af1a7"
                },
                "pub_sg_id": {
                    "sensitive": false,
                    "type": "string",
                    "value": "sg-1619f268"
                },
                "s3_bs_bucket": {
                    "sensitive": false,
                    "type": "string",
                    "value": "iaas-pilot-bs"
                },
                "s3_zk_bucket": {
                    "sensitive": false,
                    "type": "string",
                    "value": "iaas-pilot-zk"
                },
                "sg_elb_id": {
                    "sensitive": false,
                    "type": "string",
                    "value": "sg-6c19f212"
                },
                "sg_master_id": {
                    "sensitive": false,
                    "type": "string",
                    "value": "sg-a206eddc"
                },
                "sg_mgmt_id": {
                    "sensitive": false,
                    "type": "string",
                    "value": "sg-2304ef5d"
                },
                "sg_priv_id": {
                    "sensitive": false,
                    "type": "string",
                    "value": "sg-d91af1a7"
                },
                "sg_pub_id": {
                    "sensitive": false,
                    "type": "string",
                    "value": "sg-1619f268"
                },
                "zk_s3_bucket": {
                    "sensitive": false,
                    "type": "string",
                    "value": "iaas-pilot-zk"
                }
            },
            "resources": {},
            "depends_on": []
        },
        {
            "path": [
                "root",
                "ec2_profile"
            ],
            "outputs": {
                "agents_ec2_instance_profile": {
                    "sensitive": false,
                    "type": "string",
                    "value": "dcos_agent_ec2_instance_profile"
                },
                "master_ec2_instance_profile": {
                    "sensitive": false,
                    "type": "string",
                    "value": "dcos_master_ec2_instance_profile"
                }
            },
            "resources": {
                "aws_iam_instance_profile.agent_instance_profile": {
                    "type": "aws_iam_instance_profile",
                    "depends_on": [
                        "aws_iam_role.agent_iam_role"
                    ],
                    "primary": {
                        "id": "dcos_agent_ec2_instance_profile",
                        "attributes": {
                            "arn": "arn:aws:iam::271116042479:instance-profile/dcos_agent_ec2_instance_profile",
                            "id": "dcos_agent_ec2_instance_profile",
                            "name": "dcos_agent_ec2_instance_profile",
                            "path": "/",
                            "role": "dcos_agent_role",
                            "roles.#": "1",
                            "roles.1732551911": "dcos_agent_role",
                            "unique_id": "AIPAIZ3K3C5H7OR6GCUNO"
                        },
                        "meta": {},
                        "tainted": false
                    },
                    "deposed": [],
                    "provider": ""
                },
                "aws_iam_instance_profile.master_instance_profile": {
                    "type": "aws_iam_instance_profile",
                    "depends_on": [
                        "aws_iam_role.master_iam_role"
                    ],
                    "primary": {
                        "id": "dcos_master_ec2_instance_profile",
                        "attributes": {
                            "arn": "arn:aws:iam::271116042479:instance-profile/dcos_master_ec2_instance_profile",
                            "id": "dcos_master_ec2_instance_profile",
                            "name": "dcos_master_ec2_instance_profile",
                            "path": "/",
                            "role": "dcos_master_role",
                            "roles.#": "1",
                            "roles.3595263432": "dcos_master_role",
                            "unique_id": "AIPAIMUQHUPXJDIBE5Y52"
                        },
                        "meta": {},
                        "tainted": false
                    },
                    "deposed": [],
                    "provider": ""
                },
                "aws_iam_policy.agent_iam_policy": {
                    "type": "aws_iam_policy",
                    "depends_on": [],
                    "primary": {
                        "id": "arn:aws:iam::271116042479:policy/dcos_agent_policy",
                        "attributes": {
                            "arn": "arn:aws:iam::271116042479:policy/dcos_agent_policy",
                            "id": "arn:aws:iam::271116042479:policy/dcos_agent_policy",
                            "name": "dcos_agent_policy",
                            "path": "/",
                            "policy": "{\n    \"Version\": \"2012-10-17\",\n    \"Statement\": [\n        {\n            \"Action\": [\n                \"s3:AbortMultipartUpload\",\n                \"s3:DeleteObject\",\n                \"s3:GetBucketAcl\",\n                \"s3:GetBucketPolicy\",\n                \"s3:GetObject\",\n                \"s3:GetObjectAcl\",\n                \"s3:ListBucket\",\n                \"s3:ListBucketMultipartUploads\",\n                \"s3:ListMultipartUploadParts\",\n                \"s3:PutObject\",\n                \"s3:PutObjectAcl\"\n            ],\n            \"Resource\": [\n                \"arn:aws:s3:::iaas-pilot-zk/*\",\n                \"arn:aws:s3:::iaas-pilot-zk/\"\n            ],\n            \"Effect\": \"Allow\"\n        },\n        {\n            \"Action\": [\n                \"cloudformation:*\"\n            ],\n            \"Resource\": [\n                \"arn:aws:cloudformation:us-east-1:271116042479:stack/master/e9089cf0-2b85-11e7-8311-500c286e44d1\",\n                \"arn:aws:cloudformation:us-east-1:271116042479:stack/master/e9089cf0-2b85-11e7-8311-500c286e44d1/*\"\n            ],\n            \"Effect\": \"Allow\"\n        },\n        {\n            \"Action\": [\n                \"ec2:DescribeKeyPairs\",\n                \"ec2:DescribeSubnets\",\n                \"autoscaling:DescribeLaunchConfigurations\",\n                \"autoscaling:UpdateAutoScalingGroup\",\n                \"autoscaling:DescribeAutoScalingGroups\",\n                \"autoscaling:DescribeScalingActivities\",\n                \"elasticloadbalancing:DescribeLoadBalancers\"\n            ],\n            \"Resource\": \"*\",\n            \"Effect\": \"Allow\"\n        }\n    ]\n}\n"
                        },
                        "meta": {},
                        "tainted": false
                    },
                    "deposed": [],
                    "provider": ""
                },
                "aws_iam_policy.master_iam_policy": {
                    "type": "aws_iam_policy",
                    "depends_on": [],
                    "primary": {
                        "id": "arn:aws:iam::271116042479:policy/dcos_master_policy",
                        "attributes": {
                            "arn": "arn:aws:iam::271116042479:policy/dcos_master_policy",
                            "id": "arn:aws:iam::271116042479:policy/dcos_master_policy",
                            "name": "dcos_master_policy",
                            "path": "/",
                            "policy": "{\n    \"Version\": \"2012-10-17\",\n    \"Statement\": [\n        {\n            \"Action\": [\n                \"s3:AbortMultipartUpload\",\n                \"s3:DeleteObject\",\n                \"s3:GetBucketAcl\",\n                \"s3:GetBucketPolicy\",\n                \"s3:GetObject\",\n                \"s3:GetObjectAcl\",\n                \"s3:ListBucket\",\n                \"s3:ListBucketMultipartUploads\",\n                \"s3:ListMultipartUploadParts\",\n                \"s3:PutObject\",\n                \"s3:PutObjectAcl\"\n            ],\n            \"Resource\": [\n                \"arn:aws:s3:::iaas-pilot-zk/*\",\n                \"arn:aws:s3:::iaas-pilot-zk/\"\n            ],\n            \"Effect\": \"Allow\"\n        },\n        {\n            \"Action\": [\n                \"cloudformation:*\"\n            ],\n            \"Resource\": [\n                \"arn:aws:cloudformation:us-east-1:271116042479:stack/master/e9089cf0-2b85-11e7-8311-500c286e44d1\",\n                \"arn:aws:cloudformation:us-east-1:271116042479:stack/master/e9089cf0-2b85-11e7-8311-500c286e44d1/*\"\n            ],\n            \"Effect\": \"Allow\"\n        },\n        {\n            \"Action\": [\n                \"ec2:DescribeKeyPairs\",\n                \"ec2:DescribeSubnets\",\n                \"autoscaling:DescribeLaunchConfigurations\",\n                \"autoscaling:UpdateAutoScalingGroup\",\n                \"autoscaling:DescribeAutoScalingGroups\",\n                \"autoscaling:DescribeScalingActivities\",\n                \"elasticloadbalancing:DescribeLoadBalancers\"\n            ],\n            \"Resource\": \"*\",\n            \"Effect\": \"Allow\"\n        }\n    ]\n}\n"
                        },
                        "meta": {},
                        "tainted": false
                    },
                    "deposed": [],
                    "provider": ""
                },
                "aws_iam_policy_attachment.agent_policy": {
                    "type": "aws_iam_policy_attachment",
                    "depends_on": [
                        "aws_iam_policy.agent_iam_policy",
                        "aws_iam_role.agent_iam_role"
                    ],
                    "primary": {
                        "id": "dcos_agent_policy-attachment",
                        "attributes": {
                            "groups.#": "0",
                            "id": "dcos_agent_policy-attachment",
                            "name": "dcos_agent_policy-attachment",
                            "policy_arn": "arn:aws:iam::271116042479:policy/dcos_agent_policy",
                            "roles.#": "1",
                            "roles.1732551911": "dcos_agent_role",
                            "users.#": "0"
                        },
                        "meta": {},
                        "tainted": false
                    },
                    "deposed": [],
                    "provider": ""
                },
                "aws_iam_policy_attachment.master_policy": {
                    "type": "aws_iam_policy_attachment",
                    "depends_on": [
                        "aws_iam_policy.master_iam_policy",
                        "aws_iam_role.master_iam_role"
                    ],
                    "primary": {
                        "id": "dcos_master_ec2_instance_profile-attachment",
                        "attributes": {
                            "groups.#": "0",
                            "id": "dcos_master_ec2_instance_profile-attachment",
                            "name": "dcos_master_ec2_instance_profile-attachment",
                            "policy_arn": "arn:aws:iam::271116042479:policy/dcos_master_policy",
                            "roles.#": "1",
                            "roles.3595263432": "dcos_master_role",
                            "users.#": "0"
                        },
                        "meta": {},
                        "tainted": false
                    },
                    "deposed": [],
                    "provider": ""
                },
                "aws_iam_role.agent_iam_role": {
                    "type": "aws_iam_role",
                    "depends_on": [],
                    "primary": {
                        "id": "dcos_agent_role",
                        "attributes": {
                            "arn": "arn:aws:iam::271116042479:role/dcos_agent_role",
                            "assume_role_policy": "{\"Version\":\"2012-10-17\",\"Statement\":[{\"Effect\":\"Allow\",\"Principal\":{\"Service\":\"ec2.amazonaws.com\"},\"Action\":\"sts:AssumeRole\"}]}",
                            "create_date": "2017-04-29T16:35:37Z",
                            "id": "dcos_agent_role",
                            "name": "dcos_agent_role",
                            "path": "/",
                            "unique_id": "AROAIH4X6HNNHML65ZEB4"
                        },
                        "meta": {},
                        "tainted": false
                    },
                    "deposed": [],
                    "provider": ""
                },
                "aws_iam_role.master_iam_role": {
                    "type": "aws_iam_role",
                    "depends_on": [],
                    "primary": {
                        "id": "dcos_master_role",
                        "attributes": {
                            "arn": "arn:aws:iam::271116042479:role/dcos_master_role",
                            "assume_role_policy": "{\"Version\":\"2012-10-17\",\"Statement\":[{\"Effect\":\"Allow\",\"Principal\":{\"Service\":\"ec2.amazonaws.com\"},\"Action\":\"sts:AssumeRole\"}]}",
                            "create_date": "2017-04-29T16:35:37Z",
                            "id": "dcos_master_role",
                            "name": "dcos_master_role",
                            "path": "/",
                            "unique_id": "AROAJBK75KVVS2N2CODPG"
                        },
                        "meta": {},
                        "tainted": false
                    },
                    "deposed": [],
                    "provider": ""
                }
            },
            "depends_on": []
        },
        {
            "path": [
                "root",
                "s3_buckets"
            ],
            "outputs": {
                "bs_s3_bucket": {
                    "sensitive": false,
                    "type": "string",
                    "value": "iaas-pilot-bs"
                },
                "zk_s3_bucket": {
                    "sensitive": false,
                    "type": "string",
                    "value": "iaas-pilot-zk"
                }
            },
            "resources": {
                "aws_s3_bucket.bs_bucket": {
                    "type": "aws_s3_bucket",
                    "depends_on": [],
                    "primary": {
                        "id": "iaas-pilot-bs",
                        "attributes": {
                            "acceleration_status": "",
                            "acl": "private",
                            "arn": "arn:aws:s3:::iaas-pilot-bs",
                            "bucket": "iaas-pilot-bs",
                            "bucket_domain_name": "iaas-pilot-bs.s3.amazonaws.com",
                            "force_destroy": "false",
                            "hosted_zone_id": "Z3AQBSTGFYJSTF",
                            "id": "iaas-pilot-bs",
                            "logging.#": "0",
                            "region": "us-east-1",
                            "request_payer": "BucketOwner",
                            "tags.%": "2",
                            "tags.Environment": "IaaS-Pilot",
                            "tags.Name": "dcos-bootstrap",
                            "versioning.#": "1",
                            "versioning.0.enabled": "false",
                            "versioning.0.mfa_delete": "false",
                            "website.#": "0"
                        },
                        "meta": {},
                        "tainted": false
                    },
                    "deposed": [],
                    "provider": ""
                },
                "aws_s3_bucket.zk_bucket": {
                    "type": "aws_s3_bucket",
                    "depends_on": [],
                    "primary": {
                        "id": "iaas-pilot-zk",
                        "attributes": {
                            "acceleration_status": "",
                            "acl": "private",
                            "arn": "arn:aws:s3:::iaas-pilot-zk",
                            "bucket": "iaas-pilot-zk",
                            "bucket_domain_name": "iaas-pilot-zk.s3.amazonaws.com",
                            "force_destroy": "false",
                            "hosted_zone_id": "Z3AQBSTGFYJSTF",
                            "id": "iaas-pilot-zk",
                            "logging.#": "0",
                            "region": "us-east-1",
                            "request_payer": "BucketOwner",
                            "tags.%": "2",
                            "tags.Environment": "IaaS-Pilot",
                            "tags.Name": "dcos-zk-exhbitor",
                            "versioning.#": "1",
                            "versioning.0.enabled": "false",
                            "versioning.0.mfa_delete": "false",
                            "website.#": "0"
                        },
                        "meta": {},
                        "tainted": false
                    },
                    "deposed": [],
                    "provider": ""
                },
                "aws_s3_bucket_policy.policy": {
                    "type": "aws_s3_bucket_policy",
                    "depends_on": [
                        "aws_s3_bucket.bs_bucket"
                    ],
                    "primary": {
                        "id": "iaas-pilot-bs",
                        "attributes": {
                            "bucket": "iaas-pilot-bs",
                            "id": "iaas-pilot-bs",
                            "policy": "{\"Version\":\"2012-10-17\",\"Id\":\"Policy1415115909153\",\"Statement\":[{\"Sid\":\"Access-to-specific-VPC-only\",\"Effect\":\"Deny\",\"Principal\":\"*\",\"Action\":\"s3:*\",\"Resource\":[\"arn:aws:s3:::iaas-pilot-bs\",\"arn:aws:s3:::iaas-pilot-bs/*\"],\"Condition\":{\"StringNotEquals\":{\"aws:sourceVpc\":\"vpc-a3123fc5\"}}}]}"
                        },
                        "meta": {},
                        "tainted": false
                    },
                    "deposed": [],
                    "provider": ""
                }
            },
            "depends_on": []
        },
        {
            "path": [
                "root",
                "security_groups"
            ],
            "outputs": {
                "elb_security_group_id": {
                    "sensitive": false,
                    "type": "string",
                    "value": "sg-6c19f212"
                },
                "master_security_group_id": {
                    "sensitive": false,
                    "type": "string",
                    "value": "sg-a206eddc"
                },
                "mgmt_security_group_id": {
                    "sensitive": false,
                    "type": "string",
                    "value": "sg-2304ef5d"
                },
                "priv_security_group_id": {
                    "sensitive": false,
                    "type": "string",
                    "value": "sg-d91af1a7"
                },
                "pub_agent_security_group_id": {
                    "sensitive": false,
                    "type": "string",
                    "value": "sg-1619f268"
                }
            },
            "resources": {
                "aws_security_group.elb_security_group": {
                    "type": "aws_security_group",
                    "depends_on": [],
                    "primary": {
                        "id": "sg-6c19f212",
                        "attributes": {
                            "description": "dcos master access",
                            "egress.#": "1",
                            "egress.482069346.cidr_blocks.#": "1",
                            "egress.482069346.cidr_blocks.0": "0.0.0.0/0",
                            "egress.482069346.from_port": "0",
                            "egress.482069346.ipv6_cidr_blocks.#": "0",
                            "egress.482069346.prefix_list_ids.#": "0",
                            "egress.482069346.protocol": "-1",
                            "egress.482069346.security_groups.#": "0",
                            "egress.482069346.self": "false",
                            "egress.482069346.to_port": "0",
                            "id": "sg-6c19f212",
                            "ingress.#": "1",
                            "ingress.2617001939.cidr_blocks.#": "1",
                            "ingress.2617001939.cidr_blocks.0": "0.0.0.0/0",
                            "ingress.2617001939.from_port": "443",
                            "ingress.2617001939.ipv6_cidr_blocks.#": "0",
                            "ingress.2617001939.protocol": "tcp",
                            "ingress.2617001939.security_groups.#": "0",
                            "ingress.2617001939.self": "false",
                            "ingress.2617001939.to_port": "443",
                            "name": "IaaS-Pilot-master-elb-sg",
                            "owner_id": "271116042479",
                            "tags.%": "0",
                            "vpc_id": "vpc-c8a4b3ae"
                        },
                        "meta": {},
                        "tainted": false
                    },
                    "deposed": [],
                    "provider": ""
                },
                "aws_security_group.master_security_group": {
                    "type": "aws_security_group",
                    "depends_on": [],
                    "primary": {
                        "id": "sg-a206eddc",
                        "attributes": {
                            "description": "dcos master access",
                            "egress.#": "1",
                            "egress.482069346.cidr_blocks.#": "1",
                            "egress.482069346.cidr_blocks.0": "0.0.0.0/0",
                            "egress.482069346.from_port": "0",
                            "egress.482069346.ipv6_cidr_blocks.#": "0",
                            "egress.482069346.prefix_list_ids.#": "0",
                            "egress.482069346.protocol": "-1",
                            "egress.482069346.security_groups.#": "0",
                            "egress.482069346.self": "false",
                            "egress.482069346.to_port": "0",
                            "id": "sg-a206eddc",
                            "ingress.#": "1",
                            "ingress.283364651.cidr_blocks.#": "0",
                            "ingress.283364651.from_port": "0",
                            "ingress.283364651.ipv6_cidr_blocks.#": "0",
                            "ingress.283364651.protocol": "-1",
                            "ingress.283364651.security_groups.#": "2",
                            "ingress.283364651.security_groups.2975064903": "sg-d91af1a7",
                            "ingress.283364651.security_groups.901612125": "sg-1619f268",
                            "ingress.283364651.self": "true",
                            "ingress.283364651.to_port": "0",
                            "name": "IaaS-Pilot-master-sg",
                            "owner_id": "271116042479",
                            "tags.%": "0",
                            "vpc_id": "vpc-c8a4b3ae"
                        },
                        "meta": {},
                        "tainted": false
                    },
                    "deposed": [],
                    "provider": ""
                },
                "aws_security_group.mgmt_security_group": {
                    "type": "aws_security_group",
                    "depends_on": [],
                    "primary": {
                        "id": "sg-2304ef5d",
                        "attributes": {
                            "description": "management access to vpc \u0026 mckinsey network",
                            "egress.#": "1",
                            "egress.482069346.cidr_blocks.#": "1",
                            "egress.482069346.cidr_blocks.0": "0.0.0.0/0",
                            "egress.482069346.from_port": "0",
                            "egress.482069346.ipv6_cidr_blocks.#": "0",
                            "egress.482069346.prefix_list_ids.#": "0",
                            "egress.482069346.protocol": "-1",
                            "egress.482069346.security_groups.#": "0",
                            "egress.482069346.self": "false",
                            "egress.482069346.to_port": "0",
                            "id": "sg-2304ef5d",
                            "ingress.#": "5",
                            "ingress.298964221.cidr_blocks.#": "1",
                            "ingress.298964221.cidr_blocks.0": "10.220.16.0/22",
                            "ingress.298964221.from_port": "80",
                            "ingress.298964221.ipv6_cidr_blocks.#": "0",
                            "ingress.298964221.protocol": "tcp",
                            "ingress.298964221.security_groups.#": "0",
                            "ingress.298964221.self": "false",
                            "ingress.298964221.to_port": "80",
                            "ingress.3493634455.cidr_blocks.#": "1",
                            "ingress.3493634455.cidr_blocks.0": "10.220.16.0/22",
                            "ingress.3493634455.from_port": "22",
                            "ingress.3493634455.ipv6_cidr_blocks.#": "0",
                            "ingress.3493634455.protocol": "tcp",
                            "ingress.3493634455.security_groups.#": "0",
                            "ingress.3493634455.self": "false",
                            "ingress.3493634455.to_port": "22",
                            "ingress.749877382.cidr_blocks.#": "1",
                            "ingress.749877382.cidr_blocks.0": "10.220.16.0/22",
                            "ingress.749877382.from_port": "443",
                            "ingress.749877382.ipv6_cidr_blocks.#": "0",
                            "ingress.749877382.protocol": "tcp",
                            "ingress.749877382.security_groups.#": "0",
                            "ingress.749877382.self": "false",
                            "ingress.749877382.to_port": "443",
                            "ingress.753360330.cidr_blocks.#": "0",
                            "ingress.753360330.from_port": "0",
                            "ingress.753360330.ipv6_cidr_blocks.#": "0",
                            "ingress.753360330.protocol": "-1",
                            "ingress.753360330.security_groups.#": "0",
                            "ingress.753360330.self": "true",
                            "ingress.753360330.to_port": "0",
                            "ingress.921706879.cidr_blocks.#": "1",
                            "ingress.921706879.cidr_blocks.0": "1.1.1.6/32",
                            "ingress.921706879.from_port": "22",
                            "ingress.921706879.ipv6_cidr_blocks.#": "0",
                            "ingress.921706879.protocol": "tcp",
                            "ingress.921706879.security_groups.#": "0",
                            "ingress.921706879.self": "false",
                            "ingress.921706879.to_port": "22",
                            "name": "IaaS-Pilot-mgmt-access",
                            "owner_id": "271116042479",
                            "tags.%": "0",
                            "vpc_id": "vpc-c8a4b3ae"
                        },
                        "meta": {},
                        "tainted": false
                    },
                    "deposed": [],
                    "provider": ""
                },
                "aws_security_group.priv_security_group": {
                    "type": "aws_security_group",
                    "depends_on": [],
                    "primary": {
                        "id": "sg-d91af1a7",
                        "attributes": {
                            "description": "dcos private agent access",
                            "egress.#": "1",
                            "egress.482069346.cidr_blocks.#": "1",
                            "egress.482069346.cidr_blocks.0": "0.0.0.0/0",
                            "egress.482069346.from_port": "0",
                            "egress.482069346.ipv6_cidr_blocks.#": "0",
                            "egress.482069346.prefix_list_ids.#": "0",
                            "egress.482069346.protocol": "-1",
                            "egress.482069346.security_groups.#": "0",
                            "egress.482069346.self": "false",
                            "egress.482069346.to_port": "0",
                            "id": "sg-d91af1a7",
                            "ingress.#": "1",
                            "ingress.3549263922.cidr_blocks.#": "0",
                            "ingress.3549263922.from_port": "0",
                            "ingress.3549263922.ipv6_cidr_blocks.#": "0",
                            "ingress.3549263922.protocol": "-1",
                            "ingress.3549263922.security_groups.#": "2",
                            "ingress.3549263922.security_groups.3546831802": "sg-a206eddc",
                            "ingress.3549263922.security_groups.901612125": "sg-1619f268",
                            "ingress.3549263922.self": "true",
                            "ingress.3549263922.to_port": "0",
                            "name": "IaaS-Pilot-priv-agent-sg",
                            "owner_id": "271116042479",
                            "tags.%": "0",
                            "vpc_id": "vpc-c8a4b3ae"
                        },
                        "meta": {},
                        "tainted": false
                    },
                    "deposed": [],
                    "provider": ""
                },
                "aws_security_group.pub_security_group": {
                    "type": "aws_security_group",
                    "depends_on": [],
                    "primary": {
                        "id": "sg-1619f268",
                        "attributes": {
                            "description": "dcos public agent access",
                            "egress.#": "1",
                            "egress.482069346.cidr_blocks.#": "1",
                            "egress.482069346.cidr_blocks.0": "0.0.0.0/0",
                            "egress.482069346.from_port": "0",
                            "egress.482069346.ipv6_cidr_blocks.#": "0",
                            "egress.482069346.prefix_list_ids.#": "0",
                            "egress.482069346.protocol": "-1",
                            "egress.482069346.security_groups.#": "0",
                            "egress.482069346.self": "false",
                            "egress.482069346.to_port": "0",
                            "id": "sg-1619f268",
                            "ingress.#": "1",
                            "ingress.1189610120.cidr_blocks.#": "0",
                            "ingress.1189610120.from_port": "0",
                            "ingress.1189610120.ipv6_cidr_blocks.#": "0",
                            "ingress.1189610120.protocol": "-1",
                            "ingress.1189610120.security_groups.#": "2",
                            "ingress.1189610120.security_groups.2975064903": "sg-d91af1a7",
                            "ingress.1189610120.security_groups.3546831802": "sg-a206eddc",
                            "ingress.1189610120.self": "true",
                            "ingress.1189610120.to_port": "0",
                            "name": "IaaS-Pilot-dcos-pub-agent-sg",
                            "owner_id": "271116042479",
                            "tags.%": "0",
                            "vpc_id": "vpc-c8a4b3ae"
                        },
                        "meta": {},
                        "tainted": false
                    },
                    "deposed": [],
                    "provider": ""
                },
                "aws_security_group_rule.master_egress_rule": {
                    "type": "aws_security_group_rule",
                    "depends_on": [
                        "aws_security_group.master_security_group",
                        "aws_security_group.priv_security_group",
                        "aws_security_group.pub_security_group"
                    ],
                    "primary": {
                        "id": "sgrule-56634078",
                        "attributes": {
                            "cidr_blocks.#": "1",
                            "cidr_blocks.0": "0.0.0.0/0",
                            "from_port": "0",
                            "id": "sgrule-56634078",
                            "ipv6_cidr_blocks.#": "0",
                            "prefix_list_ids.#": "0",
                            "protocol": "-1",
                            "security_group_id": "sg-a206eddc",
                            "self": "false",
                            "to_port": "0",
                            "type": "egress"
                        },
                        "meta": {
                            "schema_version": "2"
                        },
                        "tainted": false
                    },
                    "deposed": [],
                    "provider": ""
                },
                "aws_security_group_rule.master_ingress_self_rule": {
                    "type": "aws_security_group_rule",
                    "depends_on": [
                        "aws_security_group.master_security_group",
                        "aws_security_group.priv_security_group",
                        "aws_security_group.pub_security_group"
                    ],
                    "primary": {
                        "id": "sgrule-3801596197",
                        "attributes": {
                            "cidr_blocks.#": "0",
                            "from_port": "0",
                            "id": "sgrule-3801596197",
                            "ipv6_cidr_blocks.#": "0",
                            "prefix_list_ids.#": "0",
                            "protocol": "-1",
                            "security_group_id": "sg-a206eddc",
                            "self": "true",
                            "source_security_group_id": "sg-a206eddc",
                            "to_port": "0",
                            "type": "ingress"
                        },
                        "meta": {
                            "schema_version": "2"
                        },
                        "tainted": false
                    },
                    "deposed": [],
                    "provider": ""
                },
                "aws_security_group_rule.master_priv_access": {
                    "type": "aws_security_group_rule",
                    "depends_on": [
                        "aws_security_group.master_security_group",
                        "aws_security_group.priv_security_group",
                        "aws_security_group.pub_security_group"
                    ],
                    "primary": {
                        "id": "sgrule-2252277584",
                        "attributes": {
                            "cidr_blocks.#": "0",
                            "from_port": "0",
                            "id": "sgrule-2252277584",
                            "ipv6_cidr_blocks.#": "0",
                            "prefix_list_ids.#": "0",
                            "protocol": "-1",
                            "security_group_id": "sg-a206eddc",
                            "self": "false",
                            "source_security_group_id": "sg-d91af1a7",
                            "to_port": "0",
                            "type": "ingress"
                        },
                        "meta": {
                            "schema_version": "2"
                        },
                        "tainted": false
                    },
                    "deposed": [],
                    "provider": ""
                },
                "aws_security_group_rule.master_pub_access": {
                    "type": "aws_security_group_rule",
                    "depends_on": [
                        "aws_security_group.master_security_group",
                        "aws_security_group.priv_security_group",
                        "aws_security_group.pub_security_group"
                    ],
                    "primary": {
                        "id": "sgrule-212281515",
                        "attributes": {
                            "cidr_blocks.#": "0",
                            "from_port": "0",
                            "id": "sgrule-212281515",
                            "ipv6_cidr_blocks.#": "0",
                            "prefix_list_ids.#": "0",
                            "protocol": "-1",
                            "security_group_id": "sg-a206eddc",
                            "self": "false",
                            "source_security_group_id": "sg-1619f268",
                            "to_port": "0",
                            "type": "ingress"
                        },
                        "meta": {
                            "schema_version": "2"
                        },
                        "tainted": false
                    },
                    "deposed": [],
                    "provider": ""
                },
                "aws_security_group_rule.priv_egress_rule": {
                    "type": "aws_security_group_rule",
                    "depends_on": [
                        "aws_security_group.master_security_group",
                        "aws_security_group.priv_security_group",
                        "aws_security_group.pub_security_group"
                    ],
                    "primary": {
                        "id": "sgrule-3237043130",
                        "attributes": {
                            "cidr_blocks.#": "1",
                            "cidr_blocks.0": "0.0.0.0/0",
                            "from_port": "0",
                            "id": "sgrule-3237043130",
                            "ipv6_cidr_blocks.#": "0",
                            "prefix_list_ids.#": "0",
                            "protocol": "-1",
                            "security_group_id": "sg-d91af1a7",
                            "self": "false",
                            "to_port": "0",
                            "type": "egress"
                        },
                        "meta": {
                            "schema_version": "2"
                        },
                        "tainted": false
                    },
                    "deposed": [],
                    "provider": ""
                },
                "aws_security_group_rule.priv_ingress_self_rule": {
                    "type": "aws_security_group_rule",
                    "depends_on": [
                        "aws_security_group.master_security_group",
                        "aws_security_group.priv_security_group",
                        "aws_security_group.pub_security_group"
                    ],
                    "primary": {
                        "id": "sgrule-226446642",
                        "attributes": {
                            "cidr_blocks.#": "0",
                            "from_port": "0",
                            "id": "sgrule-226446642",
                            "ipv6_cidr_blocks.#": "0",
                            "prefix_list_ids.#": "0",
                            "protocol": "-1",
                            "security_group_id": "sg-d91af1a7",
                            "self": "true",
                            "source_security_group_id": "sg-d91af1a7",
                            "to_port": "0",
                            "type": "ingress"
                        },
                        "meta": {
                            "schema_version": "2"
                        },
                        "tainted": false
                    },
                    "deposed": [],
                    "provider": ""
                },
                "aws_security_group_rule.priv_master_access": {
                    "type": "aws_security_group_rule",
                    "depends_on": [
                        "aws_security_group.master_security_group",
                        "aws_security_group.priv_security_group",
                        "aws_security_group.pub_security_group"
                    ],
                    "primary": {
                        "id": "sgrule-1775733575",
                        "attributes": {
                            "cidr_blocks.#": "0",
                            "from_port": "0",
                            "id": "sgrule-1775733575",
                            "ipv6_cidr_blocks.#": "0",
                            "prefix_list_ids.#": "0",
                            "protocol": "-1",
                            "security_group_id": "sg-d91af1a7",
                            "self": "false",
                            "source_security_group_id": "sg-a206eddc",
                            "to_port": "0",
                            "type": "ingress"
                        },
                        "meta": {
                            "schema_version": "2"
                        },
                        "tainted": false
                    },
                    "deposed": [],
                    "provider": ""
                },
                "aws_security_group_rule.priv_pub_access": {
                    "type": "aws_security_group_rule",
                    "depends_on": [
                        "aws_security_group.master_security_group",
                        "aws_security_group.priv_security_group",
                        "aws_security_group.pub_security_group"
                    ],
                    "primary": {
                        "id": "sgrule-2280088265",
                        "attributes": {
                            "cidr_blocks.#": "0",
                            "from_port": "0",
                            "id": "sgrule-2280088265",
                            "ipv6_cidr_blocks.#": "0",
                            "prefix_list_ids.#": "0",
                            "protocol": "-1",
                            "security_group_id": "sg-d91af1a7",
                            "self": "false",
                            "source_security_group_id": "sg-1619f268",
                            "to_port": "0",
                            "type": "ingress"
                        },
                        "meta": {
                            "schema_version": "2"
                        },
                        "tainted": false
                    },
                    "deposed": [],
                    "provider": ""
                },
                "aws_security_group_rule.pub_egress_rule": {
                    "type": "aws_security_group_rule",
                    "depends_on": [
                        "aws_security_group.master_security_group",
                        "aws_security_group.priv_security_group",
                        "aws_security_group.pub_security_group"
                    ],
                    "primary": {
                        "id": "sgrule-3227774843",
                        "attributes": {
                            "cidr_blocks.#": "1",
                            "cidr_blocks.0": "0.0.0.0/0",
                            "from_port": "0",
                            "id": "sgrule-3227774843",
                            "ipv6_cidr_blocks.#": "0",
                            "prefix_list_ids.#": "0",
                            "protocol": "-1",
                            "security_group_id": "sg-1619f268",
                            "self": "false",
                            "to_port": "0",
                            "type": "egress"
                        },
                        "meta": {
                            "schema_version": "2"
                        },
                        "tainted": false
                    },
                    "deposed": [],
                    "provider": ""
                },
                "aws_security_group_rule.pub_ingress_self_rule": {
                    "type": "aws_security_group_rule",
                    "depends_on": [
                        "aws_security_group.master_security_group",
                        "aws_security_group.priv_security_group",
                        "aws_security_group.pub_security_group"
                    ],
                    "primary": {
                        "id": "sgrule-3359004158",
                        "attributes": {
                            "cidr_blocks.#": "0",
                            "from_port": "0",
                            "id": "sgrule-3359004158",
                            "ipv6_cidr_blocks.#": "0",
                            "prefix_list_ids.#": "0",
                            "protocol": "-1",
                            "security_group_id": "sg-1619f268",
                            "self": "true",
                            "source_security_group_id": "sg-1619f268",
                            "to_port": "0",
                            "type": "ingress"
                        },
                        "meta": {
                            "schema_version": "2"
                        },
                        "tainted": false
                    },
                    "deposed": [],
                    "provider": ""
                },
                "aws_security_group_rule.pub_master_access": {
                    "type": "aws_security_group_rule",
                    "depends_on": [
                        "aws_security_group.master_security_group",
                        "aws_security_group.priv_security_group",
                        "aws_security_group.pub_security_group"
                    ],
                    "primary": {
                        "id": "sgrule-637975664",
                        "attributes": {
                            "cidr_blocks.#": "0",
                            "from_port": "0",
                            "id": "sgrule-637975664",
                            "ipv6_cidr_blocks.#": "0",
                            "prefix_list_ids.#": "0",
                            "protocol": "-1",
                            "security_group_id": "sg-1619f268",
                            "self": "false",
                            "source_security_group_id": "sg-a206eddc",
                            "to_port": "0",
                            "type": "ingress"
                        },
                        "meta": {
                            "schema_version": "2"
                        },
                        "tainted": false
                    },
                    "deposed": [],
                    "provider": ""
                },
                "aws_security_group_rule.pub_pri_access": {
                    "type": "aws_security_group_rule",
                    "depends_on": [
                        "aws_security_group.master_security_group",
                        "aws_security_group.priv_security_group",
                        "aws_security_group.pub_security_group"
                    ],
                    "primary": {
                        "id": "sgrule-1118730757",
                        "attributes": {
                            "cidr_blocks.#": "0",
                            "from_port": "0",
                            "id": "sgrule-1118730757",
                            "ipv6_cidr_blocks.#": "0",
                            "prefix_list_ids.#": "0",
                            "protocol": "-1",
                            "security_group_id": "sg-1619f268",
                            "self": "false",
                            "source_security_group_id": "sg-d91af1a7",
                            "to_port": "0",
                            "type": "ingress"
                        },
                        "meta": {
                            "schema_version": "2"
                        },
                        "tainted": false
                    },
                    "deposed": [],
                    "provider": ""
                }
            },
            "depends_on": []
        },
        {
            "path": [
                "root",
                "zk_s3_bucket"
            ],
            "outputs": {},
            "resources": {},
            "depends_on": []
        }
    ]
}
